
Microsoft Visual Studio Solution File, Format Version 12.00
# Visual Studio 2012
Project("{8BC9CEB8-8B4A-11D0-8D11-00A0C91BC942}") = "PixelEtherMega", "PixelEtherMega.vcxproj", "{0D4208EA-8A9B-442F-9533-27EAE2F82B10}"
EndProject
Project("{8BC9CEB8-8B4A-11D0-8D11-00A0C91BC942}") = "StateLED", "..\StateLED\StateLED.vcxproj", "{5EE886B0-947C-4425-B03B-9B0D083F1086}"
EndProject
Global
	GlobalSection(SolutionConfigurationPlatforms) = preSolution
		Debug|Win32 = Debug|Win32
		Release|Win32 = Release|Win32
	EndGlobalSection
	GlobalSection(ProjectConfigurationPlatforms) = postSolution
		{0D4208EA-8A9B-442F-9533-27EAE2F82B10}.Debug|Win32.ActiveCfg = Debug|Win32
		{0D4208EA-8A9B-442F-9533-27EAE2F82B10}.Debug|Win32.Build.0 = Debug|Win32
		{0D4208EA-8A9B-442F-9533-27EAE2F82B10}.Release|Win32.ActiveCfg = Release|Win32
		{0D4208EA-8A9B-442F-9533-27EAE2F82B10}.Release|Win32.Build.0 = Release|Win32
		{5EE886B0-947C-4425-B03B-9B0D083F1086}.Debug|Win32.ActiveCfg = Debug|Win32
		{5EE886B0-947C-4425-B03B-9B0D083F1086}.Debug|Win32.Build.0 = Debug|Win32
		{5EE886B0-947C-4425-B03B-9B0D083F1086}.Release|Win32.ActiveCfg = Release|Win32
		{5EE886B0-947C-4425-B03B-9B0D083F1086}.Release|Win32.Build.0 = Release|Win32
	EndGlobalSection
	GlobalSection(SolutionProperties) = preSolution
		HideSolutionNode = FALSE
	EndGlobalSection
EndGlobal
